// !$*UTF8*$!
{
	archiveVersion = 1;
	classes = {
	};
	objectVersion = 46;
	objects = {

/* Begin PBXBuildFile section */
		08AD1A6C54106145FCB337E1 /* libPods.a in Frameworks */ = {isa = PBXBuildFile; fileRef = D7B28D87BCAEDB84207501A7 /* libPods.a */; };
		83237E771AF4E393001DFA02 /* TCBaseViewController.m in Sources */ = {isa = PBXBuildFile; fileRef = 83237E761AF4E393001DFA02 /* TCBaseViewController.m */; };
		833CBBB21AF3C93C0075399D /* IHKeyboardAvoiding.m in Sources */ = {isa = PBXBuildFile; fileRef = 833CBBB11AF3C93C0075399D /* IHKeyboardAvoiding.m */; };
		834A48321AF326030094F6AB /* main.m in Sources */ = {isa = PBXBuildFile; fileRef = 834A48311AF326030094F6AB /* main.m */; };
		834A48351AF326030094F6AB /* AppDelegate.m in Sources */ = {isa = PBXBuildFile; fileRef = 834A48341AF326030094F6AB /* AppDelegate.m */; };
		834A483D1AF326030094F6AB /* Images.xcassets in Resources */ = {isa = PBXBuildFile; fileRef = 834A483C1AF326030094F6AB /* Images.xcassets */; };
		834A48401AF326030094F6AB /* LaunchScreen.xib in Resources */ = {isa = PBXBuildFile; fileRef = 834A483E1AF326030094F6AB /* LaunchScreen.xib */; };
		834A484C1AF326030094F6AB /* AgricultureTests.m in Sources */ = {isa = PBXBuildFile; fileRef = 834A484B1AF326030094F6AB /* AgricultureTests.m */; };
		836587F71AF607FF00E62F6D /* TCControllerManager.m in Sources */ = {isa = PBXBuildFile; fileRef = 836587F61AF607FF00E62F6D /* TCControllerManager.m */; };
		836587FA1AF6236500E62F6D /* TCNavigationController.m in Sources */ = {isa = PBXBuildFile; fileRef = 836587F91AF6236500E62F6D /* TCNavigationController.m */; };
		836588091AF64ED600E62F6D /* HomePageViewController.m in Sources */ = {isa = PBXBuildFile; fileRef = 836588071AF64ED400E62F6D /* HomePageViewController.m */; };
		8365880A1AF64ED600E62F6D /* HomePageViewController.xib in Resources */ = {isa = PBXBuildFile; fileRef = 836588081AF64ED400E62F6D /* HomePageViewController.xib */; };
		8365880E1AF64F5300E62F6D /* PersonCenterViewController.m in Sources */ = {isa = PBXBuildFile; fileRef = 8365880C1AF64F5000E62F6D /* PersonCenterViewController.m */; };
		8365880F1AF64F5300E62F6D /* PersonCenterViewController.xib in Resources */ = {isa = PBXBuildFile; fileRef = 8365880D1AF64F5100E62F6D /* PersonCenterViewController.xib */; };
		836588131AF64F7100E62F6D /* RecentPageViewController.m in Sources */ = {isa = PBXBuildFile; fileRef = 836588111AF64F6F00E62F6D /* RecentPageViewController.m */; };
		836588141AF64F7100E62F6D /* RecentPageViewController.xib in Resources */ = {isa = PBXBuildFile; fileRef = 836588121AF64F7100E62F6D /* RecentPageViewController.xib */; };
		836588181AF64F9000E62F6D /* SearchPageViewController.m in Sources */ = {isa = PBXBuildFile; fileRef = 836588161AF64F8D00E62F6D /* SearchPageViewController.m */; };
		836588191AF64F9000E62F6D /* SearchPageViewController.xib in Resources */ = {isa = PBXBuildFile; fileRef = 836588171AF64F8E00E62F6D /* SearchPageViewController.xib */; };
		836588221AF6514B00E62F6D /* TMCache.m in Sources */ = {isa = PBXBuildFile; fileRef = 8365881C1AF6514500E62F6D /* TMCache.m */; };
		836588231AF6514B00E62F6D /* TMDiskCache.m in Sources */ = {isa = PBXBuildFile; fileRef = 8365881F1AF6514700E62F6D /* TMDiskCache.m */; };
		836588241AF6514B00E62F6D /* TMMemoryCache.m in Sources */ = {isa = PBXBuildFile; fileRef = 836588211AF6514900E62F6D /* TMMemoryCache.m */; };
		836588271AF653AB00E62F6D /* ATControllerManager.m in Sources */ = {isa = PBXBuildFile; fileRef = 836588261AF653A900E62F6D /* ATControllerManager.m */; };
		8365882B1AF654E500E62F6D /* LoginViewController.m in Sources */ = {isa = PBXBuildFile; fileRef = 8365882A1AF654E300E62F6D /* LoginViewController.m */; };
		836588311AF6634700E62F6D /* UISetting.json in Resources */ = {isa = PBXBuildFile; fileRef = 836588301AF6634700E62F6D /* UISetting.json */; };
		836588341AF663F900E62F6D /* TCAppInfo.m in Sources */ = {isa = PBXBuildFile; fileRef = 836588331AF663F700E62F6D /* TCAppInfo.m */; };
		83AB70A61AF35216006B3087 /* AFDownloadRequestOperation.m in Sources */ = {isa = PBXBuildFile; fileRef = 83AB70781AF35215006B3087 /* AFDownloadRequestOperation.m */; };
		83AB70A71AF35216006B3087 /* AFHTTPRequestOperation.m in Sources */ = {isa = PBXBuildFile; fileRef = 83AB707B1AF35216006B3087 /* AFHTTPRequestOperation.m */; };
		83AB70A81AF35216006B3087 /* AFHTTPRequestOperationManager.m in Sources */ = {isa = PBXBuildFile; fileRef = 83AB707D1AF35216006B3087 /* AFHTTPRequestOperationManager.m */; };
		83AB70A91AF35216006B3087 /* AFHTTPSessionManager.m in Sources */ = {isa = PBXBuildFile; fileRef = 83AB707F1AF35216006B3087 /* AFHTTPSessionManager.m */; };
		83AB70AA1AF35216006B3087 /* AFNetworkReachabilityManager.m in Sources */ = {isa = PBXBuildFile; fileRef = 83AB70821AF35216006B3087 /* AFNetworkReachabilityManager.m */; };
		83AB70AB1AF35216006B3087 /* AFSecurityPolicy.m in Sources */ = {isa = PBXBuildFile; fileRef = 83AB70841AF35216006B3087 /* AFSecurityPolicy.m */; };
		83AB70AC1AF35216006B3087 /* AFURLConnectionOperation.m in Sources */ = {isa = PBXBuildFile; fileRef = 83AB70861AF35216006B3087 /* AFURLConnectionOperation.m */; };
		83AB70AD1AF35216006B3087 /* AFURLRequestSerialization.m in Sources */ = {isa = PBXBuildFile; fileRef = 83AB70881AF35216006B3087 /* AFURLRequestSerialization.m */; };
		83AB70AE1AF35216006B3087 /* AFURLResponseSerialization.m in Sources */ = {isa = PBXBuildFile; fileRef = 83AB708A1AF35216006B3087 /* AFURLResponseSerialization.m */; };
		83AB70AF1AF35216006B3087 /* AFURLSessionManager.m in Sources */ = {isa = PBXBuildFile; fileRef = 83AB708C1AF35216006B3087 /* AFURLSessionManager.m */; };
		83AB70B01AF35216006B3087 /* AFNetworkActivityIndicatorManager.m in Sources */ = {isa = PBXBuildFile; fileRef = 83AB708F1AF35216006B3087 /* AFNetworkActivityIndicatorManager.m */; };
		83AB70B11AF35216006B3087 /* UIProgressView+AFNetworking.m in Sources */ = {isa = PBXBuildFile; fileRef = 83AB70921AF35216006B3087 /* UIProgressView+AFNetworking.m */; };
		83AB70B21AF35216006B3087 /* UIWebView+AFNetworking.m in Sources */ = {isa = PBXBuildFile; fileRef = 83AB70941AF35216006B3087 /* UIWebView+AFNetworking.m */; };
		83AB70B31AF35216006B3087 /* TCHTTPBatchRequest.m in Sources */ = {isa = PBXBuildFile; fileRef = 83AB709B1AF35216006B3087 /* TCHTTPBatchRequest.m */; };
		83AB70B41AF35216006B3087 /* TCHTTPCacheRequest.m in Sources */ = {isa = PBXBuildFile; fileRef = 83AB709D1AF35216006B3087 /* TCHTTPCacheRequest.m */; };
		83AB70B51AF35216006B3087 /* TCHTTPRequest+Public.m in Sources */ = {isa = PBXBuildFile; fileRef = 83AB709F1AF35216006B3087 /* TCHTTPRequest+Public.m */; };
		83AB70B61AF35216006B3087 /* TCHTTPRequest.m in Sources */ = {isa = PBXBuildFile; fileRef = 83AB70A11AF35216006B3087 /* TCHTTPRequest.m */; };
		83AB70B71AF35216006B3087 /* TCHTTPRequestCenter.m in Sources */ = {isa = PBXBuildFile; fileRef = 83AB70A31AF35216006B3087 /* TCHTTPRequestCenter.m */; };
		83AB70B81AF35216006B3087 /* TCHTTPRequestHelper.m in Sources */ = {isa = PBXBuildFile; fileRef = 83AB70A51AF35216006B3087 /* TCHTTPRequestHelper.m */; };
		83AB70BC1AF35859006B3087 /* TCBaseMapObject.m in Sources */ = {isa = PBXBuildFile; fileRef = 83AB70BB1AF35859006B3087 /* TCBaseMapObject.m */; };
		83AB70C21AF3BC27006B3087 /* AutoCoding.m in Sources */ = {isa = PBXBuildFile; fileRef = 83AB70C11AF3BC27006B3087 /* AutoCoding.m */; };
		83AB70C71AF3C4B0006B3087 /* UIView+RelativeLayout.m in Sources */ = {isa = PBXBuildFile; fileRef = 83AB70C61AF3C4B0006B3087 /* UIView+RelativeLayout.m */; };
		83CCB67A1AF493C100B7D328 /* Aspects.m in Sources */ = {isa = PBXBuildFile; fileRef = 83CCB6791AF493C100B7D328 /* Aspects.m */; };
		83CCB67F1AF4992500B7D328 /* UIWindow+SIUtils.m in Sources */ = {isa = PBXBuildFile; fileRef = 83CCB67E1AF4992500B7D328 /* UIWindow+SIUtils.m */; };
		83CCB6851AF49A7300B7D328 /* TCPhoneCallSingleton.m in Sources */ = {isa = PBXBuildFile; fileRef = 83CCB6821AF49A7300B7D328 /* TCPhoneCallSingleton.m */; };
		83CCB6861AF49A7300B7D328 /* TCPhoneManager.m in Sources */ = {isa = PBXBuildFile; fileRef = 83CCB6841AF49A7300B7D328 /* TCPhoneManager.m */; };
		83CCB6921AF4C9AF00B7D328 /* NSString+EncodingURL.m in Sources */ = {isa = PBXBuildFile; fileRef = 83CCB68C1AF4C9AE00B7D328 /* NSString+EncodingURL.m */; };
		83CCB6931AF4C9AF00B7D328 /* NSString+MD5Addition.m in Sources */ = {isa = PBXBuildFile; fileRef = 83CCB68E1AF4C9AE00B7D328 /* NSString+MD5Addition.m */; };
		83CCB6941AF4C9AF00B7D328 /* NSString+SearchKeyword.m in Sources */ = {isa = PBXBuildFile; fileRef = 83CCB6901AF4C9AF00B7D328 /* NSString+SearchKeyword.m */; };
		83CCB6971AF4C9EA00B7D328 /* NSDateManager.m in Sources */ = {isa = PBXBuildFile; fileRef = 83CCB6961AF4C9EA00B7D328 /* NSDateManager.m */; };
		83CCB69B1AF4D0A900B7D328 /* SandBoxFile.m in Sources */ = {isa = PBXBuildFile; fileRef = 83CCB69A1AF4D0A900B7D328 /* SandBoxFile.m */; };
		83CCB69D1AF4D28F00B7D328 /* QuartzCore.framework in Frameworks */ = {isa = PBXBuildFile; fileRef = 83CCB69C1AF4D28F00B7D328 /* QuartzCore.framework */; };
		83CCB69F1AF4D29700B7D328 /* CoreTelephony.framework in Frameworks */ = {isa = PBXBuildFile; fileRef = 83CCB69E1AF4D29700B7D328 /* CoreTelephony.framework */; };
		83CCB6A11AF4D2BD00B7D328 /* SystemConfiguration.framework in Frameworks */ = {isa = PBXBuildFile; fileRef = 83CCB6A01AF4D2BD00B7D328 /* SystemConfiguration.framework */; };
		83CCB6A31AF4D2C800B7D328 /* CFNetwork.framework in Frameworks */ = {isa = PBXBuildFile; fileRef = 83CCB6A21AF4D2C800B7D328 /* CFNetwork.framework */; };
		83CCB6A51AF4D2DA00B7D328 /* AssetsLibrary.framework in Frameworks */ = {isa = PBXBuildFile; fileRef = 83CCB6A41AF4D2D900B7D328 /* AssetsLibrary.framework */; };
		83CCB6A71AF4D2E800B7D328 /* libsqlite3.0.dylib in Frameworks */ = {isa = PBXBuildFile; fileRef = 83CCB6A61AF4D2E800B7D328 /* libsqlite3.0.dylib */; };
		83CCB6A91AF4D2F400B7D328 /* MobileCoreServices.framework in Frameworks */ = {isa = PBXBuildFile; fileRef = 83CCB6A81AF4D2F400B7D328 /* MobileCoreServices.framework */; };
		83CCB6AB1AF4D30300B7D328 /* AudioToolbox.framework in Frameworks */ = {isa = PBXBuildFile; fileRef = 83CCB6AA1AF4D30300B7D328 /* AudioToolbox.framework */; };
		83CCB6AD1AF4D30B00B7D328 /* CoreText.framework in Frameworks */ = {isa = PBXBuildFile; fileRef = 83CCB6AC1AF4D30B00B7D328 /* CoreText.framework */; };
		83CCB6AF1AF4D31A00B7D328 /* CoreGraphics.framework in Frameworks */ = {isa = PBXBuildFile; fileRef = 83CCB6AE1AF4D31A00B7D328 /* CoreGraphics.framework */; };
		83CCB6B11AF4D32100B7D328 /* UIKit.framework in Frameworks */ = {isa = PBXBuildFile; fileRef = 83CCB6B01AF4D32100B7D328 /* UIKit.framework */; };
		83CCB6B31AF4D32900B7D328 /* Foundation.framework in Frameworks */ = {isa = PBXBuildFile; fileRef = 83CCB6B21AF4D32900B7D328 /* Foundation.framework */; };
		83CCB6BA1AF4D53F00B7D328 /* pinyin.c in Sources */ = {isa = PBXBuildFile; fileRef = 83CCB6B61AF4D53E00B7D328 /* pinyin.c */; };
		83CCB6BB1AF4D53F00B7D328 /* POAPinyin.m in Sources */ = {isa = PBXBuildFile; fileRef = 83CCB6B91AF4D53E00B7D328 /* POAPinyin.m */; settings = {COMPILER_FLAGS = "-fno-objc-arc"; }; };
		83CCB6BE1AF4D99900B7D328 /* UIView+Extends.m in Sources */ = {isa = PBXBuildFile; fileRef = 83CCB6BD1AF4D99800B7D328 /* UIView+Extends.m */; };
		83CCB6C21AF4D9EB00B7D328 /* UIViewController+Loging.m in Sources */ = {isa = PBXBuildFile; fileRef = 83CCB6C11AF4D9EB00B7D328 /* UIViewController+Loging.m */; settings = {COMPILER_FLAGS = "-fno-objc-arc"; }; };
		83CCB6C91AF4DE4300B7D328 /* NSMutableDictionary+NoNil.m in Sources */ = {isa = PBXBuildFile; fileRef = 83CCB6C81AF4DE4300B7D328 /* NSMutableDictionary+NoNil.m */; };
/* End PBXBuildFile section */

/* Begin PBXContainerItemProxy section */
		834A48461AF326030094F6AB /* PBXContainerItemProxy */ = {
			isa = PBXContainerItemProxy;
			containerPortal = 834A48241AF326020094F6AB /* Project object */;
			proxyType = 1;
			remoteGlobalIDString = 834A482B1AF326020094F6AB;
			remoteInfo = Agriculture;
		};
/* End PBXContainerItemProxy section */

/* Begin PBXFileReference section */
		4BB81D76F1539D06FE96BF40 /* Pods.debug.xcconfig */ = {isa = PBXFileReference; includeInIndex = 1; lastKnownFileType = text.xcconfig; name = Pods.debug.xcconfig; path = "Pods/Target Support Files/Pods/Pods.debug.xcconfig"; sourceTree = "<group>"; };
		5F1917C5845B5C473B1BBFD3 /* Pods.release.xcconfig */ = {isa = PBXFileReference; includeInIndex = 1; lastKnownFileType = text.xcconfig; name = Pods.release.xcconfig; path = "Pods/Target Support Files/Pods/Pods.release.xcconfig"; sourceTree = "<group>"; };
		83237E751AF4E393001DFA02 /* TCBaseViewController.h */ = {isa = PBXFileReference; fileEncoding = 4; lastKnownFileType = sourcecode.c.h; path = TCBaseViewController.h; sourceTree = "<group>"; };
		83237E761AF4E393001DFA02 /* TCBaseViewController.m */ = {isa = PBXFileReference; fileEncoding = 4; lastKnownFileType = sourcecode.c.objc; path = TCBaseViewController.m; sourceTree = "<group>"; };
		833CBBB01AF3C93C0075399D /* IHKeyboardAvoiding.h */ = {isa = PBXFileReference; fileEncoding = 4; lastKnownFileType = sourcecode.c.h; path = IHKeyboardAvoiding.h; sourceTree = "<group>"; };
		833CBBB11AF3C93C0075399D /* IHKeyboardAvoiding.m */ = {isa = PBXFileReference; fileEncoding = 4; lastKnownFileType = sourcecode.c.objc; path = IHKeyboardAvoiding.m; sourceTree = "<group>"; };
		834A482C1AF326020094F6AB /* Agriculture.app */ = {isa = PBXFileReference; explicitFileType = wrapper.application; includeInIndex = 0; path = Agriculture.app; sourceTree = BUILT_PRODUCTS_DIR; };
		834A48301AF326030094F6AB /* Info.plist */ = {isa = PBXFileReference; lastKnownFileType = text.plist.xml; path = Info.plist; sourceTree = "<group>"; };
		834A48311AF326030094F6AB /* main.m */ = {isa = PBXFileReference; lastKnownFileType = sourcecode.c.objc; path = main.m; sourceTree = "<group>"; };
		834A48331AF326030094F6AB /* AppDelegate.h */ = {isa = PBXFileReference; lastKnownFileType = sourcecode.c.h; path = AppDelegate.h; sourceTree = "<group>"; };
		834A48341AF326030094F6AB /* AppDelegate.m */ = {isa = PBXFileReference; lastKnownFileType = sourcecode.c.objc; path = AppDelegate.m; sourceTree = "<group>"; };
		834A483C1AF326030094F6AB /* Images.xcassets */ = {isa = PBXFileReference; lastKnownFileType = folder.assetcatalog; path = Images.xcassets; sourceTree = "<group>"; };
		834A483F1AF326030094F6AB /* Base */ = {isa = PBXFileReference; lastKnownFileType = file.xib; name = Base; path = Base.lproj/LaunchScreen.xib; sourceTree = "<group>"; };
		834A48451AF326030094F6AB /* AgricultureTests.xctest */ = {isa = PBXFileReference; explicitFileType = wrapper.cfbundle; includeInIndex = 0; path = AgricultureTests.xctest; sourceTree = BUILT_PRODUCTS_DIR; };
		834A484A1AF326030094F6AB /* Info.plist */ = {isa = PBXFileReference; lastKnownFileType = text.plist.xml; path = Info.plist; sourceTree = "<group>"; };
		834A484B1AF326030094F6AB /* AgricultureTests.m */ = {isa = PBXFileReference; lastKnownFileType = sourcecode.c.objc; path = AgricultureTests.m; sourceTree = "<group>"; };
		836587F51AF607FF00E62F6D /* TCControllerManager.h */ = {isa = PBXFileReference; fileEncoding = 4; lastKnownFileType = sourcecode.c.h; path = TCControllerManager.h; sourceTree = "<group>"; };
		836587F61AF607FF00E62F6D /* TCControllerManager.m */ = {isa = PBXFileReference; fileEncoding = 4; lastKnownFileType = sourcecode.c.objc; path = TCControllerManager.m; sourceTree = "<group>"; };
		836587F81AF6236500E62F6D /* TCNavigationController.h */ = {isa = PBXFileReference; fileEncoding = 4; lastKnownFileType = sourcecode.c.h; path = TCNavigationController.h; sourceTree = "<group>"; };
		836587F91AF6236500E62F6D /* TCNavigationController.m */ = {isa = PBXFileReference; fileEncoding = 4; lastKnownFileType = sourcecode.c.objc; path = TCNavigationController.m; sourceTree = "<group>"; };
		836588011AF62D1900E62F6D /* TCBaseViewControllerProtcol.h */ = {isa = PBXFileReference; fileEncoding = 4; lastKnownFileType = sourcecode.c.h; path = TCBaseViewControllerProtcol.h; sourceTree = "<group>"; };
		836588061AF64ED400E62F6D /* HomePageViewController.h */ = {isa = PBXFileReference; fileEncoding = 4; lastKnownFileType = sourcecode.c.h; path = HomePageViewController.h; sourceTree = "<group>"; };
		836588071AF64ED400E62F6D /* HomePageViewController.m */ = {isa = PBXFileReference; fileEncoding = 4; lastKnownFileType = sourcecode.c.objc; path = HomePageViewController.m; sourceTree = "<group>"; };
		836588081AF64ED400E62F6D /* HomePageViewController.xib */ = {isa = PBXFileReference; fileEncoding = 4; lastKnownFileType = file.xib; path = HomePageViewController.xib; sourceTree = "<group>"; };
		8365880B1AF64F5000E62F6D /* PersonCenterViewController.h */ = {isa = PBXFileReference; fileEncoding = 4; lastKnownFileType = sourcecode.c.h; path = PersonCenterViewController.h; sourceTree = "<group>"; };
		8365880C1AF64F5000E62F6D /* PersonCenterViewController.m */ = {isa = PBXFileReference; fileEncoding = 4; lastKnownFileType = sourcecode.c.objc; path = PersonCenterViewController.m; sourceTree = "<group>"; };
		8365880D1AF64F5100E62F6D /* PersonCenterViewController.xib */ = {isa = PBXFileReference; fileEncoding = 4; lastKnownFileType = file.xib; path = PersonCenterViewController.xib; sourceTree = "<group>"; };
		836588101AF64F6F00E62F6D /* RecentPageViewController.h */ = {isa = PBXFileReference; fileEncoding = 4; lastKnownFileType = sourcecode.c.h; path = RecentPageViewController.h; sourceTree = "<group>"; };
		836588111AF64F6F00E62F6D /* RecentPageViewController.m */ = {isa = PBXFileReference; fileEncoding = 4; lastKnownFileType = sourcecode.c.objc; path = RecentPageViewController.m; sourceTree = "<group>"; };
		836588121AF64F7100E62F6D /* RecentPageViewController.xib */ = {isa = PBXFileReference; fileEncoding = 4; lastKnownFileType = file.xib; path = RecentPageViewController.xib; sourceTree = "<group>"; };
		836588151AF64F8D00E62F6D /* SearchPageViewController.h */ = {isa = PBXFileReference; fileEncoding = 4; lastKnownFileType = sourcecode.c.h; path = SearchPageViewController.h; sourceTree = "<group>"; };
		836588161AF64F8D00E62F6D /* SearchPageViewController.m */ = {isa = PBXFileReference; fileEncoding = 4; lastKnownFileType = sourcecode.c.objc; path = SearchPageViewController.m; sourceTree = "<group>"; };
		836588171AF64F8E00E62F6D /* SearchPageViewController.xib */ = {isa = PBXFileReference; fileEncoding = 4; lastKnownFileType = file.xib; path = SearchPageViewController.xib; sourceTree = "<group>"; };
		8365881B1AF6514400E62F6D /* TMCache.h */ = {isa = PBXFileReference; fileEncoding = 4; lastKnownFileType = sourcecode.c.h; path = TMCache.h; sourceTree = "<group>"; };
		8365881C1AF6514500E62F6D /* TMCache.m */ = {isa = PBXFileReference; fileEncoding = 4; lastKnownFileType = sourcecode.c.objc; path = TMCache.m; sourceTree = "<group>"; };
		8365881D1AF6514600E62F6D /* TMCacheBackgroundTaskManager.h */ = {isa = PBXFileReference; fileEncoding = 4; lastKnownFileType = sourcecode.c.h; path = TMCacheBackgroundTaskManager.h; sourceTree = "<group>"; };
		8365881E1AF6514700E62F6D /* TMDiskCache.h */ = {isa = PBXFileReference; fileEncoding = 4; lastKnownFileType = sourcecode.c.h; path = TMDiskCache.h; sourceTree = "<group>"; };
		8365881F1AF6514700E62F6D /* TMDiskCache.m */ = {isa = PBXFileReference; fileEncoding = 4; lastKnownFileType = sourcecode.c.objc; path = TMDiskCache.m; sourceTree = "<group>"; };
		836588201AF6514900E62F6D /* TMMemoryCache.h */ = {isa = PBXFileReference; fileEncoding = 4; lastKnownFileType = sourcecode.c.h; path = TMMemoryCache.h; sourceTree = "<group>"; };
		836588211AF6514900E62F6D /* TMMemoryCache.m */ = {isa = PBXFileReference; fileEncoding = 4; lastKnownFileType = sourcecode.c.objc; path = TMMemoryCache.m; sourceTree = "<group>"; };
		836588251AF653A800E62F6D /* ATControllerManager.h */ = {isa = PBXFileReference; fileEncoding = 4; lastKnownFileType = sourcecode.c.h; path = ATControllerManager.h; sourceTree = "<group>"; };
		836588261AF653A900E62F6D /* ATControllerManager.m */ = {isa = PBXFileReference; fileEncoding = 4; lastKnownFileType = sourcecode.c.objc; path = ATControllerManager.m; sourceTree = "<group>"; };
		836588291AF654E200E62F6D /* LoginViewController.h */ = {isa = PBXFileReference; fileEncoding = 4; lastKnownFileType = sourcecode.c.h; path = LoginViewController.h; sourceTree = "<group>"; };
		8365882A1AF654E300E62F6D /* LoginViewController.m */ = {isa = PBXFileReference; fileEncoding = 4; lastKnownFileType = sourcecode.c.objc; path = LoginViewController.m; sourceTree = "<group>"; };
		8365882D1AF65BD900E62F6D /* ATDefine.h */ = {isa = PBXFileReference; lastKnownFileType = sourcecode.c.h; path = ATDefine.h; sourceTree = "<group>"; };
		836588301AF6634700E62F6D /* UISetting.json */ = {isa = PBXFileReference; fileEncoding = 4; lastKnownFileType = text.json; path = UISetting.json; sourceTree = "<group>"; };
		836588321AF663F500E62F6D /* TCAppInfo.h */ = {isa = PBXFileReference; fileEncoding = 4; lastKnownFileType = sourcecode.c.h; path = TCAppInfo.h; sourceTree = "<group>"; };
		836588331AF663F700E62F6D /* TCAppInfo.m */ = {isa = PBXFileReference; fileEncoding = 4; lastKnownFileType = sourcecode.c.objc; path = TCAppInfo.m; sourceTree = "<group>"; };
		83AB70771AF35215006B3087 /* AFDownloadRequestOperation.h */ = {isa = PBXFileReference; fileEncoding = 4; lastKnownFileType = sourcecode.c.h; path = AFDownloadRequestOperation.h; sourceTree = "<group>"; };
		83AB70781AF35215006B3087 /* AFDownloadRequestOperation.m */ = {isa = PBXFileReference; fileEncoding = 4; lastKnownFileType = sourcecode.c.objc; path = AFDownloadRequestOperation.m; sourceTree = "<group>"; };
		83AB707A1AF35216006B3087 /* AFHTTPRequestOperation.h */ = {isa = PBXFileReference; fileEncoding = 4; lastKnownFileType = sourcecode.c.h; path = AFHTTPRequestOperation.h; sourceTree = "<group>"; };
		83AB707B1AF35216006B3087 /* AFHTTPRequestOperation.m */ = {isa = PBXFileReference; fileEncoding = 4; lastKnownFileType = sourcecode.c.objc; path = AFHTTPRequestOperation.m; sourceTree = "<group>"; };
		83AB707C1AF35216006B3087 /* AFHTTPRequestOperationManager.h */ = {isa = PBXFileReference; fileEncoding = 4; lastKnownFileType = sourcecode.c.h; path = AFHTTPRequestOperationManager.h; sourceTree = "<group>"; };
		83AB707D1AF35216006B3087 /* AFHTTPRequestOperationManager.m */ = {isa = PBXFileReference; fileEncoding = 4; lastKnownFileType = sourcecode.c.objc; path = AFHTTPRequestOperationManager.m; sourceTree = "<group>"; };
		83AB707E1AF35216006B3087 /* AFHTTPSessionManager.h */ = {isa = PBXFileReference; fileEncoding = 4; lastKnownFileType = sourcecode.c.h; path = AFHTTPSessionManager.h; sourceTree = "<group>"; };
		83AB707F1AF35216006B3087 /* AFHTTPSessionManager.m */ = {isa = PBXFileReference; fileEncoding = 4; lastKnownFileType = sourcecode.c.objc; path = AFHTTPSessionManager.m; sourceTree = "<group>"; };
		83AB70801AF35216006B3087 /* AFNetworking.h */ = {isa = PBXFileReference; fileEncoding = 4; lastKnownFileType = sourcecode.c.h; path = AFNetworking.h; sourceTree = "<group>"; };
		83AB70811AF35216006B3087 /* AFNetworkReachabilityManager.h */ = {isa = PBXFileReference; fileEncoding = 4; lastKnownFileType = sourcecode.c.h; path = AFNetworkReachabilityManager.h; sourceTree = "<group>"; };
		83AB70821AF35216006B3087 /* AFNetworkReachabilityManager.m */ = {isa = PBXFileReference; fileEncoding = 4; lastKnownFileType = sourcecode.c.objc; path = AFNetworkReachabilityManager.m; sourceTree = "<group>"; };
		83AB70831AF35216006B3087 /* AFSecurityPolicy.h */ = {isa = PBXFileReference; fileEncoding = 4; lastKnownFileType = sourcecode.c.h; path = AFSecurityPolicy.h; sourceTree = "<group>"; };
		83AB70841AF35216006B3087 /* AFSecurityPolicy.m */ = {isa = PBXFileReference; fileEncoding = 4; lastKnownFileType = sourcecode.c.objc; path = AFSecurityPolicy.m; sourceTree = "<group>"; };
		83AB70851AF35216006B3087 /* AFURLConnectionOperation.h */ = {isa = PBXFileReference; fileEncoding = 4; lastKnownFileType = sourcecode.c.h; path = AFURLConnectionOperation.h; sourceTree = "<group>"; };
		83AB70861AF35216006B3087 /* AFURLConnectionOperation.m */ = {isa = PBXFileReference; fileEncoding = 4; lastKnownFileType = sourcecode.c.objc; path = AFURLConnectionOperation.m; sourceTree = "<group>"; };
		83AB70871AF35216006B3087 /* AFURLRequestSerialization.h */ = {isa = PBXFileReference; fileEncoding = 4; lastKnownFileType = sourcecode.c.h; path = AFURLRequestSerialization.h; sourceTree = "<group>"; };
		83AB70881AF35216006B3087 /* AFURLRequestSerialization.m */ = {isa = PBXFileReference; fileEncoding = 4; lastKnownFileType = sourcecode.c.objc; path = AFURLRequestSerialization.m; sourceTree = "<group>"; };
		83AB70891AF35216006B3087 /* AFURLResponseSerialization.h */ = {isa = PBXFileReference; fileEncoding = 4; lastKnownFileType = sourcecode.c.h; path = AFURLResponseSerialization.h; sourceTree = "<group>"; };
		83AB708A1AF35216006B3087 /* AFURLResponseSerialization.m */ = {isa = PBXFileReference; fileEncoding = 4; lastKnownFileType = sourcecode.c.objc; path = AFURLResponseSerialization.m; sourceTree = "<group>"; };
		83AB708B1AF35216006B3087 /* AFURLSessionManager.h */ = {isa = PBXFileReference; fileEncoding = 4; lastKnownFileType = sourcecode.c.h; path = AFURLSessionManager.h; sourceTree = "<group>"; };
		83AB708C1AF35216006B3087 /* AFURLSessionManager.m */ = {isa = PBXFileReference; fileEncoding = 4; lastKnownFileType = sourcecode.c.objc; path = AFURLSessionManager.m; sourceTree = "<group>"; };
		83AB708E1AF35216006B3087 /* AFNetworkActivityIndicatorManager.h */ = {isa = PBXFileReference; fileEncoding = 4; lastKnownFileType = sourcecode.c.h; path = AFNetworkActivityIndicatorManager.h; sourceTree = "<group>"; };
		83AB708F1AF35216006B3087 /* AFNetworkActivityIndicatorManager.m */ = {isa = PBXFileReference; fileEncoding = 4; lastKnownFileType = sourcecode.c.objc; path = AFNetworkActivityIndicatorManager.m; sourceTree = "<group>"; };
		83AB70901AF35216006B3087 /* UIKit+AFNetworking.h */ = {isa = PBXFileReference; fileEncoding = 4; lastKnownFileType = sourcecode.c.h; path = "UIKit+AFNetworking.h"; sourceTree = "<group>"; };
		83AB70911AF35216006B3087 /* UIProgressView+AFNetworking.h */ = {isa = PBXFileReference; fileEncoding = 4; lastKnownFileType = sourcecode.c.h; path = "UIProgressView+AFNetworking.h"; sourceTree = "<group>"; };
		83AB70921AF35216006B3087 /* UIProgressView+AFNetworking.m */ = {isa = PBXFileReference; fileEncoding = 4; lastKnownFileType = sourcecode.c.objc; path = "UIProgressView+AFNetworking.m"; sourceTree = "<group>"; };
		83AB70931AF35216006B3087 /* UIWebView+AFNetworking.h */ = {isa = PBXFileReference; fileEncoding = 4; lastKnownFileType = sourcecode.c.h; path = "UIWebView+AFNetworking.h"; sourceTree = "<group>"; };
		83AB70941AF35216006B3087 /* UIWebView+AFNetworking.m */ = {isa = PBXFileReference; fileEncoding = 4; lastKnownFileType = sourcecode.c.objc; path = "UIWebView+AFNetworking.m"; sourceTree = "<group>"; };
		83AB70971AF35216006B3087 /* TCHTTPRequestCenterProtocol.h */ = {isa = PBXFileReference; fileEncoding = 4; lastKnownFileType = sourcecode.c.h; path = TCHTTPRequestCenterProtocol.h; sourceTree = "<group>"; };
		83AB70981AF35216006B3087 /* TCHTTPRequestUrlFilter.h */ = {isa = PBXFileReference; fileEncoding = 4; lastKnownFileType = sourcecode.c.h; path = TCHTTPRequestUrlFilter.h; sourceTree = "<group>"; };
		83AB70991AF35216006B3087 /* TCHTTPResponseValidator.h */ = {isa = PBXFileReference; fileEncoding = 4; lastKnownFileType = sourcecode.c.h; path = TCHTTPResponseValidator.h; sourceTree = "<group>"; };
		83AB709A1AF35216006B3087 /* TCHTTPBatchRequest.h */ = {isa = PBXFileReference; fileEncoding = 4; lastKnownFileType = sourcecode.c.h; path = TCHTTPBatchRequest.h; sourceTree = "<group>"; };
		83AB709B1AF35216006B3087 /* TCHTTPBatchRequest.m */ = {isa = PBXFileReference; fileEncoding = 4; lastKnownFileType = sourcecode.c.objc; path = TCHTTPBatchRequest.m; sourceTree = "<group>"; };
		83AB709C1AF35216006B3087 /* TCHTTPCacheRequest.h */ = {isa = PBXFileReference; fileEncoding = 4; lastKnownFileType = sourcecode.c.h; path = TCHTTPCacheRequest.h; sourceTree = "<group>"; };
		83AB709D1AF35216006B3087 /* TCHTTPCacheRequest.m */ = {isa = PBXFileReference; fileEncoding = 4; lastKnownFileType = sourcecode.c.objc; path = TCHTTPCacheRequest.m; sourceTree = "<group>"; };
		83AB709E1AF35216006B3087 /* TCHTTPRequest+Public.h */ = {isa = PBXFileReference; fileEncoding = 4; lastKnownFileType = sourcecode.c.h; path = "TCHTTPRequest+Public.h"; sourceTree = "<group>"; };
		83AB709F1AF35216006B3087 /* TCHTTPRequest+Public.m */ = {isa = PBXFileReference; fileEncoding = 4; lastKnownFileType = sourcecode.c.objc; path = "TCHTTPRequest+Public.m"; sourceTree = "<group>"; };
		83AB70A01AF35216006B3087 /* TCHTTPRequest.h */ = {isa = PBXFileReference; fileEncoding = 4; lastKnownFileType = sourcecode.c.h; path = TCHTTPRequest.h; sourceTree = "<group>"; };
		83AB70A11AF35216006B3087 /* TCHTTPRequest.m */ = {isa = PBXFileReference; fileEncoding = 4; lastKnownFileType = sourcecode.c.objc; path = TCHTTPRequest.m; sourceTree = "<group>"; };
		83AB70A21AF35216006B3087 /* TCHTTPRequestCenter.h */ = {isa = PBXFileReference; fileEncoding = 4; lastKnownFileType = sourcecode.c.h; path = TCHTTPRequestCenter.h; sourceTree = "<group>"; };
		83AB70A31AF35216006B3087 /* TCHTTPRequestCenter.m */ = {isa = PBXFileReference; fileEncoding = 4; lastKnownFileType = sourcecode.c.objc; path = TCHTTPRequestCenter.m; sourceTree = "<group>"; };
		83AB70A41AF35216006B3087 /* TCHTTPRequestHelper.h */ = {isa = PBXFileReference; fileEncoding = 4; lastKnownFileType = sourcecode.c.h; path = TCHTTPRequestHelper.h; sourceTree = "<group>"; };
		83AB70A51AF35216006B3087 /* TCHTTPRequestHelper.m */ = {isa = PBXFileReference; fileEncoding = 4; lastKnownFileType = sourcecode.c.objc; path = TCHTTPRequestHelper.m; sourceTree = "<group>"; };
		83AB70BA1AF35859006B3087 /* TCBaseMapObject.h */ = {isa = PBXFileReference; fileEncoding = 4; lastKnownFileType = sourcecode.c.h; path = TCBaseMapObject.h; sourceTree = "<group>"; };
		83AB70BB1AF35859006B3087 /* TCBaseMapObject.m */ = {isa = PBXFileReference; fileEncoding = 4; lastKnownFileType = sourcecode.c.objc; path = TCBaseMapObject.m; sourceTree = "<group>"; };
		83AB70BD1AF35A41006B3087 /* TCBaseMapObjectDelegate.h */ = {isa = PBXFileReference; lastKnownFileType = sourcecode.c.h; path = TCBaseMapObjectDelegate.h; sourceTree = "<group>"; };
		83AB70BE1AF379D1006B3087 /* TCDefine.h */ = {isa = PBXFileReference; lastKnownFileType = sourcecode.c.h; path = TCDefine.h; sourceTree = "<group>"; };
		83AB70C01AF3BC26006B3087 /* AutoCoding.h */ = {isa = PBXFileReference; fileEncoding = 4; lastKnownFileType = sourcecode.c.h; path = AutoCoding.h; sourceTree = "<group>"; };
		83AB70C11AF3BC27006B3087 /* AutoCoding.m */ = {isa = PBXFileReference; fileEncoding = 4; lastKnownFileType = sourcecode.c.objc; path = AutoCoding.m; sourceTree = "<group>"; };
		83AB70C51AF3C4B0006B3087 /* UIView+RelativeLayout.h */ = {isa = PBXFileReference; fileEncoding = 4; lastKnownFileType = sourcecode.c.h; path = "UIView+RelativeLayout.h"; sourceTree = "<group>"; };
		83AB70C61AF3C4B0006B3087 /* UIView+RelativeLayout.m */ = {isa = PBXFileReference; fileEncoding = 4; lastKnownFileType = sourcecode.c.objc; path = "UIView+RelativeLayout.m"; sourceTree = "<group>"; };
		83CCB6781AF493C100B7D328 /* Aspects.h */ = {isa = PBXFileReference; fileEncoding = 4; lastKnownFileType = sourcecode.c.h; path = Aspects.h; sourceTree = "<group>"; };
		83CCB6791AF493C100B7D328 /* Aspects.m */ = {isa = PBXFileReference; fileEncoding = 4; lastKnownFileType = sourcecode.c.objc; path = Aspects.m; sourceTree = "<group>"; };
		83CCB67B1AF495C800B7D328 /* TCDebug.h */ = {isa = PBXFileReference; lastKnownFileType = sourcecode.c.h; path = TCDebug.h; sourceTree = "<group>"; };
		83CCB67D1AF4992500B7D328 /* UIWindow+SIUtils.h */ = {isa = PBXFileReference; fileEncoding = 4; lastKnownFileType = sourcecode.c.h; path = "UIWindow+SIUtils.h"; sourceTree = "<group>"; };
		83CCB67E1AF4992500B7D328 /* UIWindow+SIUtils.m */ = {isa = PBXFileReference; fileEncoding = 4; lastKnownFileType = sourcecode.c.objc; path = "UIWindow+SIUtils.m"; sourceTree = "<group>"; };
		83CCB6811AF49A7300B7D328 /* TCPhoneCallSingleton.h */ = {isa = PBXFileReference; fileEncoding = 4; lastKnownFileType = sourcecode.c.h; path = TCPhoneCallSingleton.h; sourceTree = "<group>"; };
		83CCB6821AF49A7300B7D328 /* TCPhoneCallSingleton.m */ = {isa = PBXFileReference; fileEncoding = 4; lastKnownFileType = sourcecode.c.objc; path = TCPhoneCallSingleton.m; sourceTree = "<group>"; };
		83CCB6831AF49A7300B7D328 /* TCPhoneManager.h */ = {isa = PBXFileReference; fileEncoding = 4; lastKnownFileType = sourcecode.c.h; path = TCPhoneManager.h; sourceTree = "<group>"; };
		83CCB6841AF49A7300B7D328 /* TCPhoneManager.m */ = {isa = PBXFileReference; fileEncoding = 4; lastKnownFileType = sourcecode.c.objc; path = TCPhoneManager.m; sourceTree = "<group>"; };
		83CCB68B1AF4C9AE00B7D328 /* NSString+EncodingURL.h */ = {isa = PBXFileReference; fileEncoding = 4; lastKnownFileType = sourcecode.c.h; path = "NSString+EncodingURL.h"; sourceTree = "<group>"; };
		83CCB68C1AF4C9AE00B7D328 /* NSString+EncodingURL.m */ = {isa = PBXFileReference; fileEncoding = 4; lastKnownFileType = sourcecode.c.objc; path = "NSString+EncodingURL.m"; sourceTree = "<group>"; };
		83CCB68D1AF4C9AE00B7D328 /* NSString+MD5Addition.h */ = {isa = PBXFileReference; fileEncoding = 4; lastKnownFileType = sourcecode.c.h; path = "NSString+MD5Addition.h"; sourceTree = "<group>"; };
		83CCB68E1AF4C9AE00B7D328 /* NSString+MD5Addition.m */ = {isa = PBXFileReference; fileEncoding = 4; lastKnownFileType = sourcecode.c.objc; path = "NSString+MD5Addition.m"; sourceTree = "<group>"; };
		83CCB68F1AF4C9AF00B7D328 /* NSString+SearchKeyword.h */ = {isa = PBXFileReference; fileEncoding = 4; lastKnownFileType = sourcecode.c.h; path = "NSString+SearchKeyword.h"; sourceTree = "<group>"; };
		83CCB6901AF4C9AF00B7D328 /* NSString+SearchKeyword.m */ = {isa = PBXFileReference; fileEncoding = 4; lastKnownFileType = sourcecode.c.objc; path = "NSString+SearchKeyword.m"; sourceTree = "<group>"; };
		83CCB6951AF4C9E900B7D328 /* NSDateManager.h */ = {isa = PBXFileReference; fileEncoding = 4; lastKnownFileType = sourcecode.c.h; path = NSDateManager.h; sourceTree = "<group>"; };
		83CCB6961AF4C9EA00B7D328 /* NSDateManager.m */ = {isa = PBXFileReference; fileEncoding = 4; lastKnownFileType = sourcecode.c.objc; path = NSDateManager.m; sourceTree = "<group>"; };
		83CCB6991AF4D0A900B7D328 /* SandBoxFile.h */ = {isa = PBXFileReference; fileEncoding = 4; lastKnownFileType = sourcecode.c.h; path = SandBoxFile.h; sourceTree = "<group>"; };
		83CCB69A1AF4D0A900B7D328 /* SandBoxFile.m */ = {isa = PBXFileReference; fileEncoding = 4; lastKnownFileType = sourcecode.c.objc; path = SandBoxFile.m; sourceTree = "<group>"; };
		83CCB69C1AF4D28F00B7D328 /* QuartzCore.framework */ = {isa = PBXFileReference; lastKnownFileType = wrapper.framework; name = QuartzCore.framework; path = System/Library/Frameworks/QuartzCore.framework; sourceTree = SDKROOT; };
		83CCB69E1AF4D29700B7D328 /* CoreTelephony.framework */ = {isa = PBXFileReference; lastKnownFileType = wrapper.framework; name = CoreTelephony.framework; path = System/Library/Frameworks/CoreTelephony.framework; sourceTree = SDKROOT; };
		83CCB6A01AF4D2BD00B7D328 /* SystemConfiguration.framework */ = {isa = PBXFileReference; lastKnownFileType = wrapper.framework; name = SystemConfiguration.framework; path = System/Library/Frameworks/SystemConfiguration.framework; sourceTree = SDKROOT; };
		83CCB6A21AF4D2C800B7D328 /* CFNetwork.framework */ = {isa = PBXFileReference; lastKnownFileType = wrapper.framework; name = CFNetwork.framework; path = System/Library/Frameworks/CFNetwork.framework; sourceTree = SDKROOT; };
		83CCB6A41AF4D2D900B7D328 /* AssetsLibrary.framework */ = {isa = PBXFileReference; lastKnownFileType = wrapper.framework; name = AssetsLibrary.framework; path = System/Library/Frameworks/AssetsLibrary.framework; sourceTree = SDKROOT; };
		83CCB6A61AF4D2E800B7D328 /* libsqlite3.0.dylib */ = {isa = PBXFileReference; lastKnownFileType = "compiled.mach-o.dylib"; name = libsqlite3.0.dylib; path = usr/lib/libsqlite3.0.dylib; sourceTree = SDKROOT; };
		83CCB6A81AF4D2F400B7D328 /* MobileCoreServices.framework */ = {isa = PBXFileReference; lastKnownFileType = wrapper.framework; name = MobileCoreServices.framework; path = System/Library/Frameworks/MobileCoreServices.framework; sourceTree = SDKROOT; };
		83CCB6AA1AF4D30300B7D328 /* AudioToolbox.framework */ = {isa = PBXFileReference; lastKnownFileType = wrapper.framework; name = AudioToolbox.framework; path = System/Library/Frameworks/AudioToolbox.framework; sourceTree = SDKROOT; };
		83CCB6AC1AF4D30B00B7D328 /* CoreText.framework */ = {isa = PBXFileReference; lastKnownFileType = wrapper.framework; name = CoreText.framework; path = System/Library/Frameworks/CoreText.framework; sourceTree = SDKROOT; };
		83CCB6AE1AF4D31A00B7D328 /* CoreGraphics.framework */ = {isa = PBXFileReference; lastKnownFileType = wrapper.framework; name = CoreGraphics.framework; path = System/Library/Frameworks/CoreGraphics.framework; sourceTree = SDKROOT; };
		83CCB6B01AF4D32100B7D328 /* UIKit.framework */ = {isa = PBXFileReference; lastKnownFileType = wrapper.framework; name = UIKit.framework; path = System/Library/Frameworks/UIKit.framework; sourceTree = SDKROOT; };
		83CCB6B21AF4D32900B7D328 /* Foundation.framework */ = {isa = PBXFileReference; lastKnownFileType = wrapper.framework; name = Foundation.framework; path = System/Library/Frameworks/Foundation.framework; sourceTree = SDKROOT; };
		83CCB6B61AF4D53E00B7D328 /* pinyin.c */ = {isa = PBXFileReference; fileEncoding = 4; lastKnownFileType = sourcecode.c.c; path = pinyin.c; sourceTree = "<group>"; };
		83CCB6B71AF4D53E00B7D328 /* pinyin.h */ = {isa = PBXFileReference; fileEncoding = 4; lastKnownFileType = sourcecode.c.h; path = pinyin.h; sourceTree = "<group>"; };
		83CCB6B81AF4D53E00B7D328 /* POAPinyin.h */ = {isa = PBXFileReference; fileEncoding = 4; lastKnownFileType = sourcecode.c.h; path = POAPinyin.h; sourceTree = "<group>"; };
		83CCB6B91AF4D53E00B7D328 /* POAPinyin.m */ = {isa = PBXFileReference; fileEncoding = 4; lastKnownFileType = sourcecode.c.objc; path = POAPinyin.m; sourceTree = "<group>"; };
		83CCB6BC1AF4D99800B7D328 /* UIView+Extends.h */ = {isa = PBXFileReference; fileEncoding = 4; lastKnownFileType = sourcecode.c.h; path = "UIView+Extends.h"; sourceTree = "<group>"; };
		83CCB6BD1AF4D99800B7D328 /* UIView+Extends.m */ = {isa = PBXFileReference; fileEncoding = 4; lastKnownFileType = sourcecode.c.objc; path = "UIView+Extends.m"; sourceTree = "<group>"; };
		83CCB6C01AF4D9EA00B7D328 /* UIViewController+Loging.h */ = {isa = PBXFileReference; fileEncoding = 4; lastKnownFileType = sourcecode.c.h; path = "UIViewController+Loging.h"; sourceTree = "<group>"; };
		83CCB6C11AF4D9EB00B7D328 /* UIViewController+Loging.m */ = {isa = PBXFileReference; fileEncoding = 4; lastKnownFileType = sourcecode.c.objc; path = "UIViewController+Loging.m"; sourceTree = "<group>"; };
		83CCB6C61AF4DCE600B7D328 /* Agriculture-Prefix.pch */ = {isa = PBXFileReference; fileEncoding = 4; lastKnownFileType = sourcecode.c.h; path = "Agriculture-Prefix.pch"; sourceTree = "<group>"; };
		83CCB6C71AF4DE4200B7D328 /* NSMutableDictionary+NoNil.h */ = {isa = PBXFileReference; fileEncoding = 4; lastKnownFileType = sourcecode.c.h; path = "NSMutableDictionary+NoNil.h"; sourceTree = "<group>"; };
		83CCB6C81AF4DE4300B7D328 /* NSMutableDictionary+NoNil.m */ = {isa = PBXFileReference; fileEncoding = 4; lastKnownFileType = sourcecode.c.objc; path = "NSMutableDictionary+NoNil.m"; sourceTree = "<group>"; };
		D7B28D87BCAEDB84207501A7 /* libPods.a */ = {isa = PBXFileReference; explicitFileType = archive.ar; includeInIndex = 0; path = libPods.a; sourceTree = BUILT_PRODUCTS_DIR; };
/* End PBXFileReference section */

/* Begin PBXFrameworksBuildPhase section */
		834A48291AF326020094F6AB /* Frameworks */ = {
			isa = PBXFrameworksBuildPhase;
			buildActionMask = 2147483647;
			files = (
				83CCB6B31AF4D32900B7D328 /* Foundation.framework in Frameworks */,
				83CCB6B11AF4D32100B7D328 /* UIKit.framework in Frameworks */,
				83CCB6AF1AF4D31A00B7D328 /* CoreGraphics.framework in Frameworks */,
				83CCB6AD1AF4D30B00B7D328 /* CoreText.framework in Frameworks */,
				83CCB6AB1AF4D30300B7D328 /* AudioToolbox.framework in Frameworks */,
				83CCB6A91AF4D2F400B7D328 /* MobileCoreServices.framework in Frameworks */,
				83CCB6A71AF4D2E800B7D328 /* libsqlite3.0.dylib in Frameworks */,
				83CCB6A51AF4D2DA00B7D328 /* AssetsLibrary.framework in Frameworks */,
				83CCB6A31AF4D2C800B7D328 /* CFNetwork.framework in Frameworks */,
				83CCB6A11AF4D2BD00B7D328 /* SystemConfiguration.framework in Frameworks */,
				83CCB69F1AF4D29700B7D328 /* CoreTelephony.framework in Frameworks */,
				83CCB69D1AF4D28F00B7D328 /* QuartzCore.framework in Frameworks */,
				08AD1A6C54106145FCB337E1 /* libPods.a in Frameworks */,
			);
			runOnlyForDeploymentPostprocessing = 0;
		};
		834A48421AF326030094F6AB /* Frameworks */ = {
			isa = PBXFrameworksBuildPhase;
			buildActionMask = 2147483647;
			files = (
			);
			runOnlyForDeploymentPostprocessing = 0;
		};
/* End PBXFrameworksBuildPhase section */

/* Begin PBXGroup section */
		83237E741AF4E376001DFA02 /* TCBaseViewController */ = {
			isa = PBXGroup;
			children = (
				83237E751AF4E393001DFA02 /* TCBaseViewController.h */,
				83237E761AF4E393001DFA02 /* TCBaseViewController.m */,
				836587F81AF6236500E62F6D /* TCNavigationController.h */,
				836587F91AF6236500E62F6D /* TCNavigationController.m */,
				836588011AF62D1900E62F6D /* TCBaseViewControllerProtcol.h */,
			);
			path = TCBaseViewController;
			sourceTree = "<group>";
		};
		833CBBAF1AF3C93C0075399D /* KeyboardAvoiding */ = {
			isa = PBXGroup;
			children = (
				833CBBB01AF3C93C0075399D /* IHKeyboardAvoiding.h */,
				833CBBB11AF3C93C0075399D /* IHKeyboardAvoiding.m */,
			);
			path = KeyboardAvoiding;
			sourceTree = "<group>";
		};
		834A48231AF326020094F6AB = {
			isa = PBXGroup;
			children = (
				8365882E1AF662BB00E62F6D /* Resources */,
				83CCB6B41AF4D44500B7D328 /* FrameWorks */,
				834A482E1AF326020094F6AB /* Agriculture */,
				834A48481AF326030094F6AB /* AgricultureTests */,
				834A482D1AF326020094F6AB /* Products */,
				AF7E606BFC40D0AC38F42A38 /* Pods */,
				EF5A97DA1C1F4371FBD9D8CA /* Frameworks */,
			);
			sourceTree = "<group>";
		};
		834A482D1AF326020094F6AB /* Products */ = {
			isa = PBXGroup;
			children = (
				834A482C1AF326020094F6AB /* Agriculture.app */,
				834A48451AF326030094F6AB /* AgricultureTests.xctest */,
			);
			name = Products;
			sourceTree = "<group>";
		};
		834A482E1AF326020094F6AB /* Agriculture */ = {
			isa = PBXGroup;
			children = (
				83AB706E1AF345AB006B3087 /* Common_Layer */,
				83AB706F1AF345AB006B3087 /* Deep_Layer */,
				83AB70701AF345AB006B3087 /* GUI_Layer */,
				83AB70711AF345AB006B3087 /* Middle_Layer */,
				834A48331AF326030094F6AB /* AppDelegate.h */,
				834A48341AF326030094F6AB /* AppDelegate.m */,
				834A483C1AF326030094F6AB /* Images.xcassets */,
				834A483E1AF326030094F6AB /* LaunchScreen.xib */,
				834A482F1AF326030094F6AB /* Supporting Files */,
			);
			path = Agriculture;
			sourceTree = "<group>";
		};
		834A482F1AF326030094F6AB /* Supporting Files */ = {
			isa = PBXGroup;
			children = (
				834A48301AF326030094F6AB /* Info.plist */,
				834A48311AF326030094F6AB /* main.m */,
				83CCB6C61AF4DCE600B7D328 /* Agriculture-Prefix.pch */,
			);
			name = "Supporting Files";
			sourceTree = "<group>";
		};
		834A48481AF326030094F6AB /* AgricultureTests */ = {
			isa = PBXGroup;
			children = (
				834A484B1AF326030094F6AB /* AgricultureTests.m */,
				834A48491AF326030094F6AB /* Supporting Files */,
			);
			path = AgricultureTests;
			sourceTree = "<group>";
		};
		834A48491AF326030094F6AB /* Supporting Files */ = {
			isa = PBXGroup;
			children = (
				834A484A1AF326030094F6AB /* Info.plist */,
			);
			name = "Supporting Files";
			sourceTree = "<group>";
		};
		836587F21AF605EE00E62F6D /* TCUIFramework */ = {
			isa = PBXGroup;
			children = (
				836587F51AF607FF00E62F6D /* TCControllerManager.h */,
				836587F61AF607FF00E62F6D /* TCControllerManager.m */,
				836588251AF653A800E62F6D /* ATControllerManager.h */,
				836588261AF653A900E62F6D /* ATControllerManager.m */,
			);
			path = TCUIFramework;
			sourceTree = "<group>";
		};
		836588021AF64D9A00E62F6D /* HomePage */ = {
			isa = PBXGroup;
			children = (
				836588061AF64ED400E62F6D /* HomePageViewController.h */,
				836588071AF64ED400E62F6D /* HomePageViewController.m */,
				836588081AF64ED400E62F6D /* HomePageViewController.xib */,
			);
			path = HomePage;
			sourceTree = "<group>";
		};
		836588031AF64D9C00E62F6D /* PersonCenter */ = {
			isa = PBXGroup;
			children = (
				8365880B1AF64F5000E62F6D /* PersonCenterViewController.h */,
				8365880C1AF64F5000E62F6D /* PersonCenterViewController.m */,
				8365880D1AF64F5100E62F6D /* PersonCenterViewController.xib */,
			);
			path = PersonCenter;
			sourceTree = "<group>";
		};
		836588041AF64D9D00E62F6D /* RecentPage */ = {
			isa = PBXGroup;
			children = (
				836588101AF64F6F00E62F6D /* RecentPageViewController.h */,
				836588111AF64F6F00E62F6D /* RecentPageViewController.m */,
				836588121AF64F7100E62F6D /* RecentPageViewController.xib */,
			);
			path = RecentPage;
			sourceTree = "<group>";
		};
		836588051AF64D9E00E62F6D /* SearchPage */ = {
			isa = PBXGroup;
			children = (
				836588151AF64F8D00E62F6D /* SearchPageViewController.h */,
				836588161AF64F8D00E62F6D /* SearchPageViewController.m */,
				836588171AF64F8E00E62F6D /* SearchPageViewController.xib */,
			);
			path = SearchPage;
			sourceTree = "<group>";
		};
		8365881A1AF6514400E62F6D /* TMCache */ = {
			isa = PBXGroup;
			children = (
				8365881B1AF6514400E62F6D /* TMCache.h */,
				8365881C1AF6514500E62F6D /* TMCache.m */,
				8365881D1AF6514600E62F6D /* TMCacheBackgroundTaskManager.h */,
				8365881E1AF6514700E62F6D /* TMDiskCache.h */,
				8365881F1AF6514700E62F6D /* TMDiskCache.m */,
				836588201AF6514900E62F6D /* TMMemoryCache.h */,
				836588211AF6514900E62F6D /* TMMemoryCache.m */,
			);
			path = TMCache;
			sourceTree = "<group>";
		};
		836588281AF654A600E62F6D /* LoginPage */ = {
			isa = PBXGroup;
			children = (
				836588291AF654E200E62F6D /* LoginViewController.h */,
				8365882A1AF654E300E62F6D /* LoginViewController.m */,
			);
			path = LoginPage;
			sourceTree = "<group>";
		};
		8365882E1AF662BB00E62F6D /* Resources */ = {
			isa = PBXGroup;
			children = (
				8365882F1AF6634500E62F6D /* config */,
			);
			name = Resources;
			path = Agriculture/Resources;
			sourceTree = "<group>";
		};
		8365882F1AF6634500E62F6D /* config */ = {
			isa = PBXGroup;
			children = (
				836588301AF6634700E62F6D /* UISetting.json */,
			);
			path = config;
			sourceTree = "<group>";
		};
		83AB706E1AF345AB006B3087 /* Common_Layer */ = {
			isa = PBXGroup;
			children = (
				83CCB6BF1AF4D9CB00B7D328 /* UIViewControllerHelper */,
				83CCB6B51AF4D53E00B7D328 /* allPinyin */,
				83CCB6981AF4D0A900B7D328 /* SandBox */,
				83CCB6871AF4C9AC00B7D328 /* Manager */,
				83CCB6881AF4C9AD00B7D328 /* OtherCategories */,
				83CCB6771AF493C100B7D328 /* MethodSwizzling */,
				83AB70C31AF3C4AF006B3087 /* UIViewHelper */,
				83AB70BE1AF379D1006B3087 /* TCDefine.h */,
				83CCB67B1AF495C800B7D328 /* TCDebug.h */,
				8365882D1AF65BD900E62F6D /* ATDefine.h */,
				836588321AF663F500E62F6D /* TCAppInfo.h */,
				836588331AF663F700E62F6D /* TCAppInfo.m */,
			);
			path = Common_Layer;
			sourceTree = "<group>";
		};
		83AB706F1AF345AB006B3087 /* Deep_Layer */ = {
			isa = PBXGroup;
			children = (
				8365881A1AF6514400E62F6D /* TMCache */,
				83AB70BF1AF3BC26006B3087 /* AutoCoding */,
				83AB70B91AF3583F006B3087 /* TCBaseMapObject */,
				83AB70731AF351C0006B3087 /* Http_Layer */,
			);
			path = Deep_Layer;
			sourceTree = "<group>";
		};
		83AB70701AF345AB006B3087 /* GUI_Layer */ = {
			isa = PBXGroup;
			children = (
				836588281AF654A600E62F6D /* LoginPage */,
				836588021AF64D9A00E62F6D /* HomePage */,
				836588031AF64D9C00E62F6D /* PersonCenter */,
				836588041AF64D9D00E62F6D /* RecentPage */,
				836588051AF64D9E00E62F6D /* SearchPage */,
				83237E741AF4E376001DFA02 /* TCBaseViewController */,
			);
			path = GUI_Layer;
			sourceTree = "<group>";
		};
		83AB70711AF345AB006B3087 /* Middle_Layer */ = {
			isa = PBXGroup;
			children = (
				836587F21AF605EE00E62F6D /* TCUIFramework */,
				83CCB6801AF49A7300B7D328 /* TCPhoneCallSingleton */,
			);
			path = Middle_Layer;
			sourceTree = "<group>";
		};
		83AB70731AF351C0006B3087 /* Http_Layer */ = {
			isa = PBXGroup;
			children = (
				83AB70741AF35215006B3087 /* Dependencies */,
				83AB70951AF35216006B3087 /* TCNetwork */,
			);
			path = Http_Layer;
			sourceTree = "<group>";
		};
		83AB70741AF35215006B3087 /* Dependencies */ = {
			isa = PBXGroup;
			children = (
				83AB70751AF35215006B3087 /* Networking */,
			);
			path = Dependencies;
			sourceTree = "<group>";
		};
		83AB70751AF35215006B3087 /* Networking */ = {
			isa = PBXGroup;
			children = (
				83AB70761AF35215006B3087 /* AFDownloadRequestOperation */,
				83AB70791AF35215006B3087 /* AFNetworking */,
				83AB708D1AF35216006B3087 /* UIKit+AFNetworking */,
			);
			path = Networking;
			sourceTree = "<group>";
		};
		83AB70761AF35215006B3087 /* AFDownloadRequestOperation */ = {
			isa = PBXGroup;
			children = (
				83AB70771AF35215006B3087 /* AFDownloadRequestOperation.h */,
				83AB70781AF35215006B3087 /* AFDownloadRequestOperation.m */,
			);
			path = AFDownloadRequestOperation;
			sourceTree = "<group>";
		};
		83AB70791AF35215006B3087 /* AFNetworking */ = {
			isa = PBXGroup;
			children = (
				83AB707A1AF35216006B3087 /* AFHTTPRequestOperation.h */,
				83AB707B1AF35216006B3087 /* AFHTTPRequestOperation.m */,
				83AB707C1AF35216006B3087 /* AFHTTPRequestOperationManager.h */,
				83AB707D1AF35216006B3087 /* AFHTTPRequestOperationManager.m */,
				83AB707E1AF35216006B3087 /* AFHTTPSessionManager.h */,
				83AB707F1AF35216006B3087 /* AFHTTPSessionManager.m */,
				83AB70801AF35216006B3087 /* AFNetworking.h */,
				83AB70811AF35216006B3087 /* AFNetworkReachabilityManager.h */,
				83AB70821AF35216006B3087 /* AFNetworkReachabilityManager.m */,
				83AB70831AF35216006B3087 /* AFSecurityPolicy.h */,
				83AB70841AF35216006B3087 /* AFSecurityPolicy.m */,
				83AB70851AF35216006B3087 /* AFURLConnectionOperation.h */,
				83AB70861AF35216006B3087 /* AFURLConnectionOperation.m */,
				83AB70871AF35216006B3087 /* AFURLRequestSerialization.h */,
				83AB70881AF35216006B3087 /* AFURLRequestSerialization.m */,
				83AB70891AF35216006B3087 /* AFURLResponseSerialization.h */,
				83AB708A1AF35216006B3087 /* AFURLResponseSerialization.m */,
				83AB708B1AF35216006B3087 /* AFURLSessionManager.h */,
				83AB708C1AF35216006B3087 /* AFURLSessionManager.m */,
			);
			path = AFNetworking;
			sourceTree = "<group>";
		};
		83AB708D1AF35216006B3087 /* UIKit+AFNetworking */ = {
			isa = PBXGroup;
			children = (
				83AB708E1AF35216006B3087 /* AFNetworkActivityIndicatorManager.h */,
				83AB708F1AF35216006B3087 /* AFNetworkActivityIndicatorManager.m */,
				83AB70901AF35216006B3087 /* UIKit+AFNetworking.h */,
				83AB70911AF35216006B3087 /* UIProgressView+AFNetworking.h */,
				83AB70921AF35216006B3087 /* UIProgressView+AFNetworking.m */,
				83AB70931AF35216006B3087 /* UIWebView+AFNetworking.h */,
				83AB70941AF35216006B3087 /* UIWebView+AFNetworking.m */,
			);
			path = "UIKit+AFNetworking";
			sourceTree = "<group>";
		};
		83AB70951AF35216006B3087 /* TCNetwork */ = {
			isa = PBXGroup;
			children = (
				83AB70961AF35216006B3087 /* Protocol */,
				83AB709A1AF35216006B3087 /* TCHTTPBatchRequest.h */,
				83AB709B1AF35216006B3087 /* TCHTTPBatchRequest.m */,
				83AB709C1AF35216006B3087 /* TCHTTPCacheRequest.h */,
				83AB709D1AF35216006B3087 /* TCHTTPCacheRequest.m */,
				83AB709E1AF35216006B3087 /* TCHTTPRequest+Public.h */,
				83AB709F1AF35216006B3087 /* TCHTTPRequest+Public.m */,
				83AB70A01AF35216006B3087 /* TCHTTPRequest.h */,
				83AB70A11AF35216006B3087 /* TCHTTPRequest.m */,
				83AB70A21AF35216006B3087 /* TCHTTPRequestCenter.h */,
				83AB70A31AF35216006B3087 /* TCHTTPRequestCenter.m */,
				83AB70A41AF35216006B3087 /* TCHTTPRequestHelper.h */,
				83AB70A51AF35216006B3087 /* TCHTTPRequestHelper.m */,
			);
			path = TCNetwork;
			sourceTree = "<group>";
		};
		83AB70961AF35216006B3087 /* Protocol */ = {
			isa = PBXGroup;
			children = (
				83AB70971AF35216006B3087 /* TCHTTPRequestCenterProtocol.h */,
				83AB70981AF35216006B3087 /* TCHTTPRequestUrlFilter.h */,
				83AB70991AF35216006B3087 /* TCHTTPResponseValidator.h */,
			);
			path = Protocol;
			sourceTree = "<group>";
		};
		83AB70B91AF3583F006B3087 /* TCBaseMapObject */ = {
			isa = PBXGroup;
			children = (
				83AB70BA1AF35859006B3087 /* TCBaseMapObject.h */,
				83AB70BB1AF35859006B3087 /* TCBaseMapObject.m */,
				83AB70BD1AF35A41006B3087 /* TCBaseMapObjectDelegate.h */,
			);
			path = TCBaseMapObject;
			sourceTree = "<group>";
		};
		83AB70BF1AF3BC26006B3087 /* AutoCoding */ = {
			isa = PBXGroup;
			children = (
				83AB70C01AF3BC26006B3087 /* AutoCoding.h */,
				83AB70C11AF3BC27006B3087 /* AutoCoding.m */,
			);
			path = AutoCoding;
			sourceTree = "<group>";
		};
		83AB70C31AF3C4AF006B3087 /* UIViewHelper */ = {
			isa = PBXGroup;
			children = (
				83CCB67C1AF4992500B7D328 /* Window */,
				833CBBAF1AF3C93C0075399D /* KeyboardAvoiding */,
				83AB70C41AF3C4B0006B3087 /* UIView+RelativeLayout */,
				83CCB6BC1AF4D99800B7D328 /* UIView+Extends.h */,
				83CCB6BD1AF4D99800B7D328 /* UIView+Extends.m */,
			);
			path = UIViewHelper;
			sourceTree = "<group>";
		};
		83AB70C41AF3C4B0006B3087 /* UIView+RelativeLayout */ = {
			isa = PBXGroup;
			children = (
				83AB70C51AF3C4B0006B3087 /* UIView+RelativeLayout.h */,
				83AB70C61AF3C4B0006B3087 /* UIView+RelativeLayout.m */,
			);
			path = "UIView+RelativeLayout";
			sourceTree = "<group>";
		};
		83CCB6771AF493C100B7D328 /* MethodSwizzling */ = {
			isa = PBXGroup;
			children = (
				83CCB6781AF493C100B7D328 /* Aspects.h */,
				83CCB6791AF493C100B7D328 /* Aspects.m */,
			);
			path = MethodSwizzling;
			sourceTree = "<group>";
		};
		83CCB67C1AF4992500B7D328 /* Window */ = {
			isa = PBXGroup;
			children = (
				83CCB67D1AF4992500B7D328 /* UIWindow+SIUtils.h */,
				83CCB67E1AF4992500B7D328 /* UIWindow+SIUtils.m */,
			);
			path = Window;
			sourceTree = "<group>";
		};
		83CCB6801AF49A7300B7D328 /* TCPhoneCallSingleton */ = {
			isa = PBXGroup;
			children = (
				83CCB6811AF49A7300B7D328 /* TCPhoneCallSingleton.h */,
				83CCB6821AF49A7300B7D328 /* TCPhoneCallSingleton.m */,
				83CCB6831AF49A7300B7D328 /* TCPhoneManager.h */,
				83CCB6841AF49A7300B7D328 /* TCPhoneManager.m */,
			);
			path = TCPhoneCallSingleton;
			sourceTree = "<group>";
		};
		83CCB6871AF4C9AC00B7D328 /* Manager */ = {
			isa = PBXGroup;
			children = (
				83CCB6951AF4C9E900B7D328 /* NSDateManager.h */,
				83CCB6961AF4C9EA00B7D328 /* NSDateManager.m */,
			);
			path = Manager;
			sourceTree = "<group>";
		};
		83CCB6881AF4C9AD00B7D328 /* OtherCategories */ = {
			isa = PBXGroup;
			children = (
				83CCB68B1AF4C9AE00B7D328 /* NSString+EncodingURL.h */,
				83CCB68C1AF4C9AE00B7D328 /* NSString+EncodingURL.m */,
				83CCB68D1AF4C9AE00B7D328 /* NSString+MD5Addition.h */,
				83CCB68E1AF4C9AE00B7D328 /* NSString+MD5Addition.m */,
				83CCB68F1AF4C9AF00B7D328 /* NSString+SearchKeyword.h */,
				83CCB6901AF4C9AF00B7D328 /* NSString+SearchKeyword.m */,
				83CCB6C71AF4DE4200B7D328 /* NSMutableDictionary+NoNil.h */,
				83CCB6C81AF4DE4300B7D328 /* NSMutableDictionary+NoNil.m */,
			);
			path = OtherCategories;
			sourceTree = "<group>";
		};
		83CCB6981AF4D0A900B7D328 /* SandBox */ = {
			isa = PBXGroup;
			children = (
				83CCB6991AF4D0A900B7D328 /* SandBoxFile.h */,
				83CCB69A1AF4D0A900B7D328 /* SandBoxFile.m */,
			);
			path = SandBox;
			sourceTree = "<group>";
		};
		83CCB6B41AF4D44500B7D328 /* FrameWorks */ = {
			isa = PBXGroup;
			children = (
				83CCB6A21AF4D2C800B7D328 /* CFNetwork.framework */,
				83CCB6A01AF4D2BD00B7D328 /* SystemConfiguration.framework */,
				83CCB69E1AF4D29700B7D328 /* CoreTelephony.framework */,
				83CCB69C1AF4D28F00B7D328 /* QuartzCore.framework */,
				83CCB6A41AF4D2D900B7D328 /* AssetsLibrary.framework */,
				83CCB6A61AF4D2E800B7D328 /* libsqlite3.0.dylib */,
				83CCB6B21AF4D32900B7D328 /* Foundation.framework */,
				83CCB6A81AF4D2F400B7D328 /* MobileCoreServices.framework */,
				83CCB6AA1AF4D30300B7D328 /* AudioToolbox.framework */,
				83CCB6AC1AF4D30B00B7D328 /* CoreText.framework */,
				83CCB6AE1AF4D31A00B7D328 /* CoreGraphics.framework */,
				83CCB6B01AF4D32100B7D328 /* UIKit.framework */,
			);
			name = FrameWorks;
			sourceTree = "<group>";
		};
		83CCB6B51AF4D53E00B7D328 /* allPinyin */ = {
			isa = PBXGroup;
			children = (
				83CCB6B61AF4D53E00B7D328 /* pinyin.c */,
				83CCB6B71AF4D53E00B7D328 /* pinyin.h */,
				83CCB6B81AF4D53E00B7D328 /* POAPinyin.h */,
				83CCB6B91AF4D53E00B7D328 /* POAPinyin.m */,
			);
			path = allPinyin;
			sourceTree = "<group>";
		};
		83CCB6BF1AF4D9CB00B7D328 /* UIViewControllerHelper */ = {
			isa = PBXGroup;
			children = (
				83CCB6C01AF4D9EA00B7D328 /* UIViewController+Loging.h */,
				83CCB6C11AF4D9EB00B7D328 /* UIViewController+Loging.m */,
			);
			path = UIViewControllerHelper;
			sourceTree = "<group>";
		};
		AF7E606BFC40D0AC38F42A38 /* Pods */ = {
			isa = PBXGroup;
			children = (
				4BB81D76F1539D06FE96BF40 /* Pods.debug.xcconfig */,
				5F1917C5845B5C473B1BBFD3 /* Pods.release.xcconfig */,
			);
			name = Pods;
			sourceTree = "<group>";
		};
		EF5A97DA1C1F4371FBD9D8CA /* Frameworks */ = {
			isa = PBXGroup;
			children = (
				D7B28D87BCAEDB84207501A7 /* libPods.a */,
			);
			name = Frameworks;
			sourceTree = "<group>";
		};
/* End PBXGroup section */

/* Begin PBXNativeTarget section */
		834A482B1AF326020094F6AB /* Agriculture */ = {
			isa = PBXNativeTarget;
			buildConfigurationList = 834A484F1AF326030094F6AB /* Build configuration list for PBXNativeTarget "Agriculture" */;
			buildPhases = (
				BFB4BF5AAC2724F1DFC674DA /* Check Pods Manifest.lock */,
				834A48281AF326020094F6AB /* Sources */,
				834A48291AF326020094F6AB /* Frameworks */,
				834A482A1AF326020094F6AB /* Resources */,
				7CF4E318E96C72D854876D7E /* Copy Pods Resources */,
			);
			buildRules = (
			);
			dependencies = (
			);
			name = Agriculture;
			productName = Agriculture;
			productReference = 834A482C1AF326020094F6AB /* Agriculture.app */;
			productType = "com.apple.product-type.application";
		};
		834A48441AF326030094F6AB /* AgricultureTests */ = {
			isa = PBXNativeTarget;
			buildConfigurationList = 834A48521AF326030094F6AB /* Build configuration list for PBXNativeTarget "AgricultureTests" */;
			buildPhases = (
				834A48411AF326030094F6AB /* Sources */,
				834A48421AF326030094F6AB /* Frameworks */,
				834A48431AF326030094F6AB /* Resources */,
			);
			buildRules = (
			);
			dependencies = (
				834A48471AF326030094F6AB /* PBXTargetDependency */,
			);
			name = AgricultureTests;
			productName = AgricultureTests;
			productReference = 834A48451AF326030094F6AB /* AgricultureTests.xctest */;
			productType = "com.apple.product-type.bundle.unit-test";
		};
/* End PBXNativeTarget section */

/* Begin PBXProject section */
		834A48241AF326020094F6AB /* Project object */ = {
			isa = PBXProject;
			attributes = {
				LastUpgradeCheck = 0630;
				ORGANIZATIONNAME = zmj;
				TargetAttributes = {
					834A482B1AF326020094F6AB = {
						CreatedOnToolsVersion = 6.3.1;
					};
					834A48441AF326030094F6AB = {
						CreatedOnToolsVersion = 6.3.1;
						TestTargetID = 834A482B1AF326020094F6AB;
					};
				};
			};
			buildConfigurationList = 834A48271AF326020094F6AB /* Build configuration list for PBXProject "Agriculture" */;
			compatibilityVersion = "Xcode 3.2";
			developmentRegion = English;
			hasScannedForEncodings = 0;
			knownRegions = (
				en,
				Base,
			);
			mainGroup = 834A48231AF326020094F6AB;
			productRefGroup = 834A482D1AF326020094F6AB /* Products */;
			projectDirPath = "";
			projectRoot = "";
			targets = (
				834A482B1AF326020094F6AB /* Agriculture */,
				834A48441AF326030094F6AB /* AgricultureTests */,
			);
		};
/* End PBXProject section */

/* Begin PBXResourcesBuildPhase section */
		834A482A1AF326020094F6AB /* Resources */ = {
			isa = PBXResourcesBuildPhase;
			buildActionMask = 2147483647;
			files = (
				8365880A1AF64ED600E62F6D /* HomePageViewController.xib in Resources */,
				836588141AF64F7100E62F6D /* RecentPageViewController.xib in Resources */,
				834A48401AF326030094F6AB /* LaunchScreen.xib in Resources */,
				836588191AF64F9000E62F6D /* SearchPageViewController.xib in Resources */,
				836588311AF6634700E62F6D /* UISetting.json in Resources */,
				8365880F1AF64F5300E62F6D /* PersonCenterViewController.xib in Resources */,
				834A483D1AF326030094F6AB /* Images.xcassets in Resources */,
			);
			runOnlyForDeploymentPostprocessing = 0;
		};
		834A48431AF326030094F6AB /* Resources */ = {
			isa = PBXResourcesBuildPhase;
			buildActionMask = 2147483647;
			files = (
			);
			runOnlyForDeploymentPostprocessing = 0;
		};
/* End PBXResourcesBuildPhase section */

/* Begin PBXShellScriptBuildPhase section */
		7CF4E318E96C72D854876D7E /* Copy Pods Resources */ = {
			isa = PBXShellScriptBuildPhase;
			buildActionMask = 2147483647;
			files = (
			);
			inputPaths = (
			);
			name = "Copy Pods Resources";
			outputPaths = (
			);
			runOnlyForDeploymentPostprocessing = 0;
			shellPath = /bin/sh;
			shellScript = "\"${SRCROOT}/Pods/Target Support Files/Pods/Pods-resources.sh\"\n";
			showEnvVarsInLog = 0;
		};
		BFB4BF5AAC2724F1DFC674DA /* Check Pods Manifest.lock */ = {
			isa = PBXShellScriptBuildPhase;
			buildActionMask = 2147483647;
			files = (
			);
			inputPaths = (
			);
			name = "Check Pods Manifest.lock";
			outputPaths = (
			);
			runOnlyForDeploymentPostprocessing = 0;
			shellPath = /bin/sh;
			shellScript = "diff \"${PODS_ROOT}/../Podfile.lock\" \"${PODS_ROOT}/Manifest.lock\" > /dev/null\nif [[ $? != 0 ]] ; then\n    cat << EOM\nerror: The sandbox is not in sync with the Podfile.lock. Run 'pod install' or update your CocoaPods installation.\nEOM\n    exit 1\nfi\n";
			showEnvVarsInLog = 0;
		};
/* End PBXShellScriptBuildPhase section */

/* Begin PBXSourcesBuildPhase section */
		834A48281AF326020094F6AB /* Sources */ = {
			isa = PBXSourcesBuildPhase;
			buildActionMask = 2147483647;
			files = (
				836587FA1AF6236500E62F6D /* TCNavigationController.m in Sources */,
				83AB70A61AF35216006B3087 /* AFDownloadRequestOperation.m in Sources */,
				83CCB6931AF4C9AF00B7D328 /* NSString+MD5Addition.m in Sources */,
				83AB70B41AF35216006B3087 /* TCHTTPCacheRequest.m in Sources */,
				83AB70AB1AF35216006B3087 /* AFSecurityPolicy.m in Sources */,
				83CCB67F1AF4992500B7D328 /* UIWindow+SIUtils.m in Sources */,
				83AB70A81AF35216006B3087 /* AFHTTPRequestOperationManager.m in Sources */,
				83AB70B21AF35216006B3087 /* UIWebView+AFNetworking.m in Sources */,
				836588231AF6514B00E62F6D /* TMDiskCache.m in Sources */,
				83CCB6C21AF4D9EB00B7D328 /* UIViewController+Loging.m in Sources */,
				83AB70B11AF35216006B3087 /* UIProgressView+AFNetworking.m in Sources */,
				8365880E1AF64F5300E62F6D /* PersonCenterViewController.m in Sources */,
				83CCB6BB1AF4D53F00B7D328 /* POAPinyin.m in Sources */,
				83AB70C71AF3C4B0006B3087 /* UIView+RelativeLayout.m in Sources */,
				833CBBB21AF3C93C0075399D /* IHKeyboardAvoiding.m in Sources */,
				83AB70B71AF35216006B3087 /* TCHTTPRequestCenter.m in Sources */,
				83AB70AC1AF35216006B3087 /* AFURLConnectionOperation.m in Sources */,
				83CCB67A1AF493C100B7D328 /* Aspects.m in Sources */,
				83AB70A71AF35216006B3087 /* AFHTTPRequestOperation.m in Sources */,
				83CCB6921AF4C9AF00B7D328 /* NSString+EncodingURL.m in Sources */,
				836588131AF64F7100E62F6D /* RecentPageViewController.m in Sources */,
				83AB70B31AF35216006B3087 /* TCHTTPBatchRequest.m in Sources */,
				83AB70B61AF35216006B3087 /* TCHTTPRequest.m in Sources */,
				834A48351AF326030094F6AB /* AppDelegate.m in Sources */,
				83CCB6BE1AF4D99900B7D328 /* UIView+Extends.m in Sources */,
				836587F71AF607FF00E62F6D /* TCControllerManager.m in Sources */,
				836588341AF663F900E62F6D /* TCAppInfo.m in Sources */,
				83CCB6861AF49A7300B7D328 /* TCPhoneManager.m in Sources */,
				83237E771AF4E393001DFA02 /* TCBaseViewController.m in Sources */,
				836588271AF653AB00E62F6D /* ATControllerManager.m in Sources */,
				83AB70AD1AF35216006B3087 /* AFURLRequestSerialization.m in Sources */,
				83AB70A91AF35216006B3087 /* AFHTTPSessionManager.m in Sources */,
				836588091AF64ED600E62F6D /* HomePageViewController.m in Sources */,
				83CCB69B1AF4D0A900B7D328 /* SandBoxFile.m in Sources */,
				83CCB6941AF4C9AF00B7D328 /* NSString+SearchKeyword.m in Sources */,
				83CCB6BA1AF4D53F00B7D328 /* pinyin.c in Sources */,
				83CCB6971AF4C9EA00B7D328 /* NSDateManager.m in Sources */,
				83AB70AA1AF35216006B3087 /* AFNetworkReachabilityManager.m in Sources */,
				836588221AF6514B00E62F6D /* TMCache.m in Sources */,
				83CCB6851AF49A7300B7D328 /* TCPhoneCallSingleton.m in Sources */,
				83AB70AE1AF35216006B3087 /* AFURLResponseSerialization.m in Sources */,
				836588241AF6514B00E62F6D /* TMMemoryCache.m in Sources */,
				8365882B1AF654E500E62F6D /* LoginViewController.m in Sources */,
				836588181AF64F9000E62F6D /* SearchPageViewController.m in Sources */,
				83AB70BC1AF35859006B3087 /* TCBaseMapObject.m in Sources */,
				83AB70AF1AF35216006B3087 /* AFURLSessionManager.m in Sources */,
				83CCB6C91AF4DE4300B7D328 /* NSMutableDictionary+NoNil.m in Sources */,
				83AB70B81AF35216006B3087 /* TCHTTPRequestHelper.m in Sources */,
				83AB70C21AF3BC27006B3087 /* AutoCoding.m in Sources */,
				83AB70B51AF35216006B3087 /* TCHTTPRequest+Public.m in Sources */,
				83AB70B01AF35216006B3087 /* AFNetworkActivityIndicatorManager.m in Sources */,
				834A48321AF326030094F6AB /* main.m in Sources */,
			);
			runOnlyForDeploymentPostprocessing = 0;
		};
		834A48411AF326030094F6AB /* Sources */ = {
			isa = PBXSourcesBuildPhase;
			buildActionMask = 2147483647;
			files = (
				834A484C1AF326030094F6AB /* AgricultureTests.m in Sources */,
			);
			runOnlyForDeploymentPostprocessing = 0;
		};
/* End PBXSourcesBuildPhase section */

/* Begin PBXTargetDependency section */
		834A48471AF326030094F6AB /* PBXTargetDependency */ = {
			isa = PBXTargetDependency;
			target = 834A482B1AF326020094F6AB /* Agriculture */;
			targetProxy = 834A48461AF326030094F6AB /* PBXContainerItemProxy */;
		};
/* End PBXTargetDependency section */

/* Begin PBXVariantGroup section */
		834A483E1AF326030094F6AB /* LaunchScreen.xib */ = {
			isa = PBXVariantGroup;
			children = (
				834A483F1AF326030094F6AB /* Base */,
			);
			name = LaunchScreen.xib;
			sourceTree = "<group>";
		};
/* End PBXVariantGroup section */

/* Begin XCBuildConfiguration section */
		834A484D1AF326030094F6AB /* Debug */ = {
			isa = XCBuildConfiguration;
			buildSettings = {
				ALWAYS_SEARCH_USER_PATHS = NO;
				CLANG_CXX_LANGUAGE_STANDARD = "gnu++0x";
				CLANG_CXX_LIBRARY = "libc++";
				CLANG_ENABLE_MODULES = YES;
				CLANG_ENABLE_OBJC_ARC = YES;
				CLANG_WARN_BOOL_CONVERSION = YES;
				CLANG_WARN_CONSTANT_CONVERSION = YES;
				CLANG_WARN_DIRECT_OBJC_ISA_USAGE = YES_ERROR;
				CLANG_WARN_EMPTY_BODY = YES;
				CLANG_WARN_ENUM_CONVERSION = YES;
				CLANG_WARN_INT_CONVERSION = YES;
				CLANG_WARN_OBJC_ROOT_CLASS = YES_ERROR;
				CLANG_WARN_UNREACHABLE_CODE = YES;
				CLANG_WARN__DUPLICATE_METHOD_MATCH = YES;
				"CODE_SIGN_IDENTITY[sdk=iphoneos*]" = "iPhone Developer";
				COPY_PHASE_STRIP = NO;
				DEBUG_INFORMATION_FORMAT = "dwarf-with-dsym";
				ENABLE_STRICT_OBJC_MSGSEND = YES;
				GCC_C_LANGUAGE_STANDARD = gnu99;
				GCC_DYNAMIC_NO_PIC = NO;
				GCC_NO_COMMON_BLOCKS = YES;
				GCC_OPTIMIZATION_LEVEL = 0;
				GCC_PREPROCESSOR_DEFINITIONS = (
					"DEBUG=1",
					"$(inherited)",
				);
				GCC_SYMBOLS_PRIVATE_EXTERN = NO;
				GCC_WARN_64_TO_32_BIT_CONVERSION = YES;
				GCC_WARN_ABOUT_RETURN_TYPE = YES_ERROR;
				GCC_WARN_UNDECLARED_SELECTOR = YES;
				GCC_WARN_UNINITIALIZED_AUTOS = YES_AGGRESSIVE;
				GCC_WARN_UNUSED_FUNCTION = YES;
				GCC_WARN_UNUSED_VARIABLE = YES;
				IPHONEOS_DEPLOYMENT_TARGET = 8.3;
				MTL_ENABLE_DEBUG_INFO = YES;
				ONLY_ACTIVE_ARCH = YES;
				SDKROOT = iphoneos;
			};
			name = Debug;
		};
		834A484E1AF326030094F6AB /* Release */ = {
			isa = XCBuildConfiguration;
			buildSettings = {
				ALWAYS_SEARCH_USER_PATHS = NO;
				CLANG_CXX_LANGUAGE_STANDARD = "gnu++0x";
				CLANG_CXX_LIBRARY = "libc++";
				CLANG_ENABLE_MODULES = YES;
				CLANG_ENABLE_OBJC_ARC = YES;
				CLANG_WARN_BOOL_CONVERSION = YES;
				CLANG_WARN_CONSTANT_CONVERSION = YES;
				CLANG_WARN_DIRECT_OBJC_ISA_USAGE = YES_ERROR;
				CLANG_WARN_EMPTY_BODY = YES;
				CLANG_WARN_ENUM_CONVERSION = YES;
				CLANG_WARN_INT_CONVERSION = YES;
				CLANG_WARN_OBJC_ROOT_CLASS = YES_ERROR;
				CLANG_WARN_UNREACHABLE_CODE = YES;
				CLANG_WARN__DUPLICATE_METHOD_MATCH = YES;
				"CODE_SIGN_IDENTITY[sdk=iphoneos*]" = "iPhone Developer";
				COPY_PHASE_STRIP = NO;
				DEBUG_INFORMATION_FORMAT = "dwarf-with-dsym";
				ENABLE_NS_ASSERTIONS = NO;
				ENABLE_STRICT_OBJC_MSGSEND = YES;
				GCC_C_LANGUAGE_STANDARD = gnu99;
				GCC_NO_COMMON_BLOCKS = YES;
				GCC_WARN_64_TO_32_BIT_CONVERSION = YES;
				GCC_WARN_ABOUT_RETURN_TYPE = YES_ERROR;
				GCC_WARN_UNDECLARED_SELECTOR = YES;
				GCC_WARN_UNINITIALIZED_AUTOS = YES_AGGRESSIVE;
				GCC_WARN_UNUSED_FUNCTION = YES;
				GCC_WARN_UNUSED_VARIABLE = YES;
				IPHONEOS_DEPLOYMENT_TARGET = 8.3;
				MTL_ENABLE_DEBUG_INFO = NO;
				SDKROOT = iphoneos;
				VALIDATE_PRODUCT = YES;
			};
			name = Release;
		};
		834A48501AF326030094F6AB /* Debug */ = {
			isa = XCBuildConfiguration;
			baseConfigurationReference = 4BB81D76F1539D06FE96BF40 /* Pods.debug.xcconfig */;
			buildSettings = {
				ASSETCATALOG_COMPILER_APPICON_NAME = AppIcon;
				GCC_PREFIX_HEADER = "Agriculture/Agriculture-Prefix.pch";
				INFOPLIST_FILE = Agriculture/Info.plist;
				LD_RUNPATH_SEARCH_PATHS = "$(inherited) @executable_path/Frameworks";
				PRODUCT_NAME = "$(TARGET_NAME)";
			};
			name = Debug;
		};
		834A48511AF326030094F6AB /* Release */ = {
			isa = XCBuildConfiguration;
			baseConfigurationReference = 5F1917C5845B5C473B1BBFD3 /* Pods.release.xcconfig */;
			buildSettings = {
				ASSETCATALOG_COMPILER_APPICON_NAME = AppIcon;
				GCC_PREFIX_HEADER = "Agriculture/Agriculture-Prefix.pch";
				INFOPLIST_FILE = Agriculture/Info.plist;
				LD_RUNPATH_SEARCH_PATHS = "$(inherited) @executable_path/Frameworks";
				PRODUCT_NAME = "$(TARGET_NAME)";
			};
			name = Release;
		};
		834A48531AF326030094F6AB /* Debug */ = {
			isa = XCBuildConfiguration;
			buildSettings = {
				BUNDLE_LOADER = "$(TEST_HOST)";
				FRAMEWORK_SEARCH_PATHS = (
					"$(SDKROOT)/Developer/Library/Frameworks",
					"$(inherited)",
				);
				GCC_PREPROCESSOR_DEFINITIONS = (
					"DEBUG=1",
					"$(inherited)",
				);
				INFOPLIST_FILE = AgricultureTests/Info.plist;
				LD_RUNPATH_SEARCH_PATHS = "$(inherited) @executable_path/Frameworks @loader_path/Frameworks";
				PRODUCT_NAME = "$(TARGET_NAME)";
				TEST_HOST = "$(BUILT_PRODUCTS_DIR)/Agriculture.app/Agriculture";
			};
			name = Debug;
		};
		834A48541AF326030094F6AB /* Release */ = {
			isa = XCBuildConfiguration;
			buildSettings = {
				BUNDLE_LOADER = "$(TEST_HOST)";
				FRAMEWORK_SEARCH_PATHS = (
					"$(SDKROOT)/Developer/Library/Frameworks",
					"$(inherited)",
				);
				INFOPLIST_FILE = AgricultureTests/Info.plist;
				LD_RUNPATH_SEARCH_PATHS = "$(inherited) @executable_path/Frameworks @loader_path/Frameworks";
				PRODUCT_NAME = "$(TARGET_NAME)";
				TEST_HOST = "$(BUILT_PRODUCTS_DIR)/Agriculture.app/Agriculture";
			};
			name = Release;
		};
/* End XCBuildConfiguration section */

/* Begin XCConfigurationList section */
		834A48271AF326020094F6AB /* Build configuration list for PBXProject "Agriculture" */ = {
			isa = XCConfigurationList;
			buildConfigurations = (
				834A484D1AF326030094F6AB /* Debug */,
				834A484E1AF326030094F6AB /* Release */,
			);
			defaultConfigurationIsVisible = 0;
			defaultConfigurationName = Release;
		};
		834A484F1AF326030094F6AB /* Build configuration list for PBXNativeTarget "Agriculture" */ = {
			isa = XCConfigurationList;
			buildConfigurations = (
				834A48501AF326030094F6AB /* Debug */,
				834A48511AF326030094F6AB /* Release */,
			);
			defaultConfigurationIsVisible = 0;
			defaultConfigurationName = Release;
		};
		834A48521AF326030094F6AB /* Build configuration list for PBXNativeTarget "AgricultureTests" */ = {
			isa = XCConfigurationList;
			buildConfigurations = (
				834A48531AF326030094F6AB /* Debug */,
				834A48541AF326030094F6AB /* Release */,
			);
			defaultConfigurationIsVisible = 0;
			defaultConfigurationName = Release;
		};
/* End XCConfigurationList section */
	};
	rootObject = 834A48241AF326020094F6AB /* Project object */;
}
